<?xml version="1.0" encoding="UTF-8" standalone="yes" ?>
<CodeBlocks_project_file>
	<FileVersion major="1" minor="6" />
	<Project>
		<Option title="Mizhodan" />
		<Option pch_mode="2" />
		<Option compiler="gcc" />
		<Build>
			<Target title="Debug">
				<Option output="bin/Debug/Mizhodan" prefix_auto="1" extension_auto="1" />
				<Option object_output="obj/Debug/" />
				<Option type="1" />
				<Option compiler="gcc" />
				<Option parameters="3 25 3500 .\data\obs.csv .\data\targets.csv .\data\results.csv " />
				<Compiler>
					<Add option="-Wredundant-decls" />
					<Add option="-Wfloat-equal" />
					<Add option="-Wunreachable-code" />
					<Add option="-Wmain" />
					<Add option="-pedantic" />
					<Add option="-Wextra" />
					<Add option="-Wall" />
					<Add option="-std=c++0x" />
					<Add option="-m64" />
					<Add option="-g" />
				</Compiler>
				<Linker>
					<Add option="-m64" />
				</Linker>
			</Target>
			<Target title="Release">
				<Option output="bin/Release/Mizhodan" prefix_auto="1" extension_auto="1" />
				<Option object_output="obj/Release/" />
				<Option type="1" />
				<Option compiler="gcc" />
				<Option parameters="3 25 3500 .\data\obs.csv .\data\targets.csv .\data\results.csv " />
				<Compiler>
					<Add option="-O3" />
					<Add option="-std=c++0x" />
					<Add option="-m64" />
				</Compiler>
				<Linker>
					<Add option="-m64" />
					<Add option="-static" />
				</Linker>
			</Target>
			<Target title="Test">
				<Option output="bin/Test/test_Mizhodan" prefix_auto="1" extension_auto="1" />
				<Option object_output="obj/Test/" />
				<Option type="1" />
				<Option compiler="gcc" />
				<Compiler>
					<Add option="-Wfloat-equal" />
					<Add option="-pedantic" />
					<Add option="-Wextra" />
					<Add option="-Wall" />
					<Add option="-std=c++0x" />
					<Add option="-m64" />
					<Add option="-g" />
				</Compiler>
				<Linker>
					<Add option="-m64" />
				</Linker>
			</Target>
		</Build>
		<Compiler>
			<Add option="-Wall" />
			<Add option="-fexceptions" />
		</Compiler>
		<Unit filename="include/csv.h" />
		<Unit filename="src/engine.cpp" />
		<Unit filename="src/engine.h" />
		<Unit filename="src/linear_systems.cpp" />
		<Unit filename="src/linear_systems.h" />
		<Unit filename="src/main.cpp">
			<Option target="Debug" />
			<Option target="Release" />
		</Unit>
		<Unit filename="src/matrix.cpp" />
		<Unit filename="src/matrix.h" />
		<Unit filename="src/now.cpp" />
		<Unit filename="src/now.h" />
		<Unit filename="src/numerical_constants.h" />
		<Unit filename="src/read_obs.cpp" />
		<Unit filename="src/read_obs.h" />
		<Unit filename="src/read_targets.cpp" />
		<Unit filename="src/read_targets.h" />
		<Unit filename="src/special_functions.cpp" />
		<Unit filename="src/special_functions.h" />
		<Unit filename="src/sum_product-inl.h" />
		<Unit filename="src/version.cpp" />
		<Unit filename="src/version.h" />
		<Unit filename="src/write_results.cpp" />
		<Unit filename="src/write_results.h" />
		<Unit filename="test/test_engine.cpp">
			<Option target="Test" />
		</Unit>
		<Unit filename="test/test_engine.h">
			<Option target="Test" />
		</Unit>
		<Unit filename="test/test_linear_systems.cpp">
			<Option target="Test" />
		</Unit>
		<Unit filename="test/test_linear_systems.h">
			<Option target="Test" />
		</Unit>
		<Unit filename="test/test_main.cpp">
			<Option target="Test" />
		</Unit>
		<Unit filename="test/test_matrix.cpp">
			<Option target="Test" />
		</Unit>
		<Unit filename="test/test_matrix.h">
			<Option target="Test" />
		</Unit>
		<Unit filename="test/test_special_functions.cpp">
			<Option target="Test" />
		</Unit>
		<Unit filename="test/test_special_functions.h">
			<Option target="Test" />
		</Unit>
		<Unit filename="test/unit_test.cpp">
			<Option target="Test" />
		</Unit>
		<Unit filename="test/unit_test.h">
			<Option target="Test" />
		</Unit>
		<Extensions>
			<code_completion />
			<envvars />
			<debugger />
			<lib_finder disable_auto="1" />
		</Extensions>
	</Project>
</CodeBlocks_project_file>
